
Microsoft Visual Studio Solution File, Format Version 12.00
# Visual Studio 15
VisualStudioVersion = 15.0.26730.16
MinimumVisualStudioVersion = 10.0.40219.1
Project("{2150E333-8FDC-42A3-9474-1A3956D46DE8}") = "Web", "Web", "{18C50C29-A6FD-4F50-B597-B65559366478}"
EndProject
Project("{FAE04EC0-301F-11D3-BF4B-00C04F79EFBC}") = "ROM.Web", "ROM.Web\ROM.Web.csproj", "{95423D04-261F-44A9-A9B8-0DB4AF2E9387}"
EndProject
Project("{2150E333-8FDC-42A3-9474-1A3956D46DE8}") = "Data", "Data", "{01F6E140-8EBB-4059-AB3A-5679ACE314B6}"
EndProject
Project("{FAE04EC0-301F-11D3-BF4B-00C04F79EFBC}") = "ROM.Data", "ROM.Data\ROM.Data.csproj", "{850E0CFD-A6D9-4473-B9DC-C71DF091B07E}"
EndProject
Project("{FAE04EC0-301F-11D3-BF4B-00C04F79EFBC}") = "ROM.Data.Model", "ROM.Data.Model\ROM.Data.Model.csproj", "{FB73679E-D55F-4F7E-8A71-09B7E69CEF0B}"
EndProject
Project("{FAE04EC0-301F-11D3-BF4B-00C04F79EFBC}") = "ROM.Web.Infrastructure", "ROM.Web.Infrastructure\ROM.Web.Infrastructure.csproj", "{35ABF910-CCBC-4369-BD5B-E5ED30960F84}"
EndProject
Project("{2150E333-8FDC-42A3-9474-1A3956D46DE8}") = "Common", "Common", "{AB1A3CA9-61C0-42DC-8AAA-6FDEFC7CD4BC}"
EndProject
Project("{FAE04EC0-301F-11D3-BF4B-00C04F79EFBC}") = "ROM.Common", "ROM.Common\ROM.Common.csproj", "{B7FE9C81-8D76-4398-A3AA-E7DA52353789}"
EndProject
Project("{2150E333-8FDC-42A3-9474-1A3956D46DE8}") = "Services", "Services", "{222BD3E8-CF49-4144-8B16-F872CAC411FF}"
EndProject
Project("{FAE04EC0-301F-11D3-BF4B-00C04F79EFBC}") = "ROM.Services.Data", "ROM.Services.Data\ROM.Services.Data.csproj", "{98795918-F9B1-47F2-A752-2DF2CEB84A8E}"
EndProject
Project("{2150E333-8FDC-42A3-9474-1A3956D46DE8}") = "Tests", "Tests", "{DF5793AE-96CF-4D67-A622-9EA0BFB13BB4}"
EndProject
Project("{2150E333-8FDC-42A3-9474-1A3956D46DE8}") = "ServicesTests", "ServicesTests", "{6F1496D0-AAEE-49F3-8DB9-460970439104}"
EndProject
Project("{FAE04EC0-301F-11D3-BF4B-00C04F79EFBC}") = "ROM.Services.Data.UnitTests", "ROM.Services.Data.UnitTests\ROM.Services.Data.UnitTests.csproj", "{E73F7D06-CA6A-4DBA-BB06-0D0DD6CF3F17}"
EndProject
Global
	GlobalSection(SolutionConfigurationPlatforms) = preSolution
		Debug|Any CPU = Debug|Any CPU
		Release|Any CPU = Release|Any CPU
	EndGlobalSection
	GlobalSection(ProjectConfigurationPlatforms) = postSolution
		{95423D04-261F-44A9-A9B8-0DB4AF2E9387}.Debug|Any CPU.ActiveCfg = Debug|Any CPU
		{95423D04-261F-44A9-A9B8-0DB4AF2E9387}.Debug|Any CPU.Build.0 = Debug|Any CPU
		{95423D04-261F-44A9-A9B8-0DB4AF2E9387}.Release|Any CPU.ActiveCfg = Release|Any CPU
		{95423D04-261F-44A9-A9B8-0DB4AF2E9387}.Release|Any CPU.Build.0 = Release|Any CPU
		{850E0CFD-A6D9-4473-B9DC-C71DF091B07E}.Debug|Any CPU.ActiveCfg = Debug|Any CPU
		{850E0CFD-A6D9-4473-B9DC-C71DF091B07E}.Debug|Any CPU.Build.0 = Debug|Any CPU
		{850E0CFD-A6D9-4473-B9DC-C71DF091B07E}.Release|Any CPU.ActiveCfg = Release|Any CPU
		{850E0CFD-A6D9-4473-B9DC-C71DF091B07E}.Release|Any CPU.Build.0 = Release|Any CPU
		{FB73679E-D55F-4F7E-8A71-09B7E69CEF0B}.Debug|Any CPU.ActiveCfg = Debug|Any CPU
		{FB73679E-D55F-4F7E-8A71-09B7E69CEF0B}.Debug|Any CPU.Build.0 = Debug|Any CPU
		{FB73679E-D55F-4F7E-8A71-09B7E69CEF0B}.Release|Any CPU.ActiveCfg = Release|Any CPU
		{FB73679E-D55F-4F7E-8A71-09B7E69CEF0B}.Release|Any CPU.Build.0 = Release|Any CPU
		{35ABF910-CCBC-4369-BD5B-E5ED30960F84}.Debug|Any CPU.ActiveCfg = Debug|Any CPU
		{35ABF910-CCBC-4369-BD5B-E5ED30960F84}.Debug|Any CPU.Build.0 = Debug|Any CPU
		{35ABF910-CCBC-4369-BD5B-E5ED30960F84}.Release|Any CPU.ActiveCfg = Release|Any CPU
		{35ABF910-CCBC-4369-BD5B-E5ED30960F84}.Release|Any CPU.Build.0 = Release|Any CPU
		{B7FE9C81-8D76-4398-A3AA-E7DA52353789}.Debug|Any CPU.ActiveCfg = Debug|Any CPU
		{B7FE9C81-8D76-4398-A3AA-E7DA52353789}.Debug|Any CPU.Build.0 = Debug|Any CPU
		{B7FE9C81-8D76-4398-A3AA-E7DA52353789}.Release|Any CPU.ActiveCfg = Release|Any CPU
		{B7FE9C81-8D76-4398-A3AA-E7DA52353789}.Release|Any CPU.Build.0 = Release|Any CPU
		{98795918-F9B1-47F2-A752-2DF2CEB84A8E}.Debug|Any CPU.ActiveCfg = Debug|Any CPU
		{98795918-F9B1-47F2-A752-2DF2CEB84A8E}.Debug|Any CPU.Build.0 = Debug|Any CPU
		{98795918-F9B1-47F2-A752-2DF2CEB84A8E}.Release|Any CPU.ActiveCfg = Release|Any CPU
		{98795918-F9B1-47F2-A752-2DF2CEB84A8E}.Release|Any CPU.Build.0 = Release|Any CPU
		{E73F7D06-CA6A-4DBA-BB06-0D0DD6CF3F17}.Debug|Any CPU.ActiveCfg = Debug|Any CPU
		{E73F7D06-CA6A-4DBA-BB06-0D0DD6CF3F17}.Debug|Any CPU.Build.0 = Debug|Any CPU
		{E73F7D06-CA6A-4DBA-BB06-0D0DD6CF3F17}.Release|Any CPU.ActiveCfg = Release|Any CPU
		{E73F7D06-CA6A-4DBA-BB06-0D0DD6CF3F17}.Release|Any CPU.Build.0 = Release|Any CPU
	EndGlobalSection
	GlobalSection(SolutionProperties) = preSolution
		HideSolutionNode = FALSE
	EndGlobalSection
	GlobalSection(NestedProjects) = preSolution
		{95423D04-261F-44A9-A9B8-0DB4AF2E9387} = {18C50C29-A6FD-4F50-B597-B65559366478}
		{850E0CFD-A6D9-4473-B9DC-C71DF091B07E} = {01F6E140-8EBB-4059-AB3A-5679ACE314B6}
		{FB73679E-D55F-4F7E-8A71-09B7E69CEF0B} = {01F6E140-8EBB-4059-AB3A-5679ACE314B6}
		{35ABF910-CCBC-4369-BD5B-E5ED30960F84} = {18C50C29-A6FD-4F50-B597-B65559366478}
		{B7FE9C81-8D76-4398-A3AA-E7DA52353789} = {AB1A3CA9-61C0-42DC-8AAA-6FDEFC7CD4BC}
		{98795918-F9B1-47F2-A752-2DF2CEB84A8E} = {222BD3E8-CF49-4144-8B16-F872CAC411FF}
		{6F1496D0-AAEE-49F3-8DB9-460970439104} = {DF5793AE-96CF-4D67-A622-9EA0BFB13BB4}
		{E73F7D06-CA6A-4DBA-BB06-0D0DD6CF3F17} = {6F1496D0-AAEE-49F3-8DB9-460970439104}
	EndGlobalSection
	GlobalSection(ExtensibilityGlobals) = postSolution
		SolutionGuid = {34E14D7E-E5AD-40C8-A3FD-41A127B88C2F}
	EndGlobalSection
EndGlobal
